
Microsoft Visual Studio Solution File, Format Version 12.00
# Visual Studio 2013
VisualStudioVersion = 12.0.21005.1
MinimumVisualStudioVersion = 10.0.40219.1
Project("{FAE04EC0-301F-11D3-BF4B-00C04F79EFBC}") = "Application", "Application\Application.csproj", "{2EF25599-A648-43C7-9008-147A30DACB3E}"
EndProject
Project("{FAE04EC0-301F-11D3-BF4B-00C04F79EFBC}") = "UnitTest", "UnitTest\UnitTest.csproj", "{C0695DE6-DB2D-4257-B950-0CD2650A8D4C}"
EndProject
Global
	GlobalSection(SolutionConfigurationPlatforms) = preSolution
		Debug|Any CPU = Debug|Any CPU
		Release|Any CPU = Release|Any CPU
	EndGlobalSection
	GlobalSection(ProjectConfigurationPlatforms) = postSolution
		{2EF25599-A648-43C7-9008-147A30DACB3E}.Debug|Any CPU.ActiveCfg = Debug|Any CPU
		{2EF25599-A648-43C7-9008-147A30DACB3E}.Debug|Any CPU.Build.0 = Debug|Any CPU
		{2EF25599-A648-43C7-9008-147A30DACB3E}.Release|Any CPU.ActiveCfg = Release|Any CPU
		{2EF25599-A648-43C7-9008-147A30DACB3E}.Release|Any CPU.Build.0 = Release|Any CPU
		{C0695DE6-DB2D-4257-B950-0CD2650A8D4C}.Debug|Any CPU.ActiveCfg = Debug|Any CPU
		{C0695DE6-DB2D-4257-B950-0CD2650A8D4C}.Debug|Any CPU.Build.0 = Debug|Any CPU
		{C0695DE6-DB2D-4257-B950-0CD2650A8D4C}.Release|Any CPU.ActiveCfg = Release|Any CPU
		{C0695DE6-DB2D-4257-B950-0CD2650A8D4C}.Release|Any CPU.Build.0 = Release|Any CPU
	EndGlobalSection
	GlobalSection(SolutionProperties) = preSolution
		HideSolutionNode = FALSE
	EndGlobalSection
EndGlobal
